{
  "pins" : [
    {
      "identity" : "coreengine",
      "kind" : "remoteSourceControl",
      "location" : "https://github.com/sobabear/CoreEngine",
      "state" : {
        "revision" : "effbaabf7a25e71e754af81a391008b1d40f79fe",
        "version" : "1.0.3"
      }
    }
  ],
  "version" : 2
}
